// !$*UTF8*$!
{
	archiveVersion = 1;
	classes = {
	};
	objectVersion = 46;
	objects = {

/* Begin PBXBuildFile section */
		28435B9928FD35AD24C38928 /* libPods.a in Frameworks */ = {isa = PBXBuildFile; fileRef = 1CB246738F38E929702F7B75 /* libPods.a */; };
		8B06AC3D1C02BEE9005BBA0E /* DevicesViewController.m in Sources */ = {isa = PBXBuildFile; fileRef = 8B06AC3C1C02BEE9005BBA0E /* DevicesViewController.m */; };
		8B62CAF81C02AE080029A601 /* main.m in Sources */ = {isa = PBXBuildFile; fileRef = 8B62CAF71C02AE080029A601 /* main.m */; };
		8B62CAFB1C02AE080029A601 /* AppDelegate.m in Sources */ = {isa = PBXBuildFile; fileRef = 8B62CAFA1C02AE080029A601 /* AppDelegate.m */; };
		8B62CAFE1C02AE080029A601 /* LoginViewController.m in Sources */ = {isa = PBXBuildFile; fileRef = 8B62CAFD1C02AE080029A601 /* LoginViewController.m */; };
		8B62CB011C02AE080029A601 /* Main.storyboard in Resources */ = {isa = PBXBuildFile; fileRef = 8B62CAFF1C02AE080029A601 /* Main.storyboard */; };
		8B62CB031C02AE080029A601 /* Assets.xcassets in Resources */ = {isa = PBXBuildFile; fileRef = 8B62CB021C02AE080029A601 /* Assets.xcassets */; };
		8B62CB061C02AE080029A601 /* LaunchScreen.storyboard in Resources */ = {isa = PBXBuildFile; fileRef = 8B62CB041C02AE080029A601 /* LaunchScreen.storyboard */; };
/* End PBXBuildFile section */

/* Begin PBXFileReference section */
		1CB246738F38E929702F7B75 /* libPods.a */ = {isa = PBXFileReference; explicitFileType = archive.ar; includeInIndex = 0; path = libPods.a; sourceTree = BUILT_PRODUCTS_DIR; };
		6F40FAD8908D09CB31CC0AD8 /* Pods.debug.xcconfig */ = {isa = PBXFileReference; includeInIndex = 1; lastKnownFileType = text.xcconfig; name = Pods.debug.xcconfig; path = "Pods/Target Support Files/Pods/Pods.debug.xcconfig"; sourceTree = "<group>"; };
		8B06AC3B1C02BEE9005BBA0E /* DevicesViewController.h */ = {isa = PBXFileReference; fileEncoding = 4; lastKnownFileType = sourcecode.c.h; path = DevicesViewController.h; sourceTree = "<group>"; };
		8B06AC3C1C02BEE9005BBA0E /* DevicesViewController.m */ = {isa = PBXFileReference; fileEncoding = 4; lastKnownFileType = sourcecode.c.objc; path = DevicesViewController.m; sourceTree = "<group>"; };
		8B62CAF31C02AE080029A601 /* TurnBack.app */ = {isa = PBXFileReference; explicitFileType = wrapper.application; includeInIndex = 0; path = TurnBack.app; sourceTree = BUILT_PRODUCTS_DIR; };
		8B62CAF71C02AE080029A601 /* main.m */ = {isa = PBXFileReference; lastKnownFileType = sourcecode.c.objc; path = main.m; sourceTree = "<group>"; };
		8B62CAF91C02AE080029A601 /* AppDelegate.h */ = {isa = PBXFileReference; lastKnownFileType = sourcecode.c.h; path = AppDelegate.h; sourceTree = "<group>"; };
		8B62CAFA1C02AE080029A601 /* AppDelegate.m */ = {isa = PBXFileReference; lastKnownFileType = sourcecode.c.objc; path = AppDelegate.m; sourceTree = "<group>"; };
		8B62CAFC1C02AE080029A601 /* LoginViewController.h */ = {isa = PBXFileReference; lastKnownFileType = sourcecode.c.h; path = LoginViewController.h; sourceTree = "<group>"; };
		8B62CAFD1C02AE080029A601 /* LoginViewController.m */ = {isa = PBXFileReference; lastKnownFileType = sourcecode.c.objc; path = LoginViewController.m; sourceTree = "<group>"; };
		8B62CB001C02AE080029A601 /* Base */ = {isa = PBXFileReference; lastKnownFileType = file.storyboard; name = Base; path = Base.lproj/Main.storyboard; sourceTree = "<group>"; };
		8B62CB021C02AE080029A601 /* Assets.xcassets */ = {isa = PBXFileReference; lastKnownFileType = folder.assetcatalog; path = Assets.xcassets; sourceTree = "<group>"; };
		8B62CB051C02AE080029A601 /* Base */ = {isa = PBXFileReference; lastKnownFileType = file.storyboard; name = Base; path = Base.lproj/LaunchScreen.storyboard; sourceTree = "<group>"; };
		8B62CB071C02AE080029A601 /* Info.plist */ = {isa = PBXFileReference; lastKnownFileType = text.plist.xml; path = Info.plist; sourceTree = "<group>"; };
		F0E385A89626ACC2373F8BC3 /* Pods.release.xcconfig */ = {isa = PBXFileReference; includeInIndex = 1; lastKnownFileType = text.xcconfig; name = Pods.release.xcconfig; path = "Pods/Target Support Files/Pods/Pods.release.xcconfig"; sourceTree = "<group>"; };
/* End PBXFileReference section */

/* Begin PBXFrameworksBuildPhase section */
		8B62CAF01C02AE080029A601 /* Frameworks */ = {
			isa = PBXFrameworksBuildPhase;
			buildActionMask = 2147483647;
			files = (
				28435B9928FD35AD24C38928 /* libPods.a in Frameworks */,
			);
			runOnlyForDeploymentPostprocessing = 0;
		};
/* End PBXFrameworksBuildPhase section */

/* Begin PBXGroup section */
		2A2B3C868B0D7E158A87C7B5 /* Frameworks */ = {
			isa = PBXGroup;
			children = (
				1CB246738F38E929702F7B75 /* libPods.a */,
			);
			name = Frameworks;
			sourceTree = "<group>";
		};
		54E0F2C5C83E684C3E61CD13 /* Pods */ = {
			isa = PBXGroup;
			children = (
				6F40FAD8908D09CB31CC0AD8 /* Pods.debug.xcconfig */,
				F0E385A89626ACC2373F8BC3 /* Pods.release.xcconfig */,
			);
			name = Pods;
			sourceTree = "<group>";
		};
		8B62CAEA1C02AE080029A601 = {
			isa = PBXGroup;
			children = (
				8B62CAF51C02AE080029A601 /* TurnBack */,
				8B62CAF41C02AE080029A601 /* Products */,
				54E0F2C5C83E684C3E61CD13 /* Pods */,
				2A2B3C868B0D7E158A87C7B5 /* Frameworks */,
			);
			sourceTree = "<group>";
		};
		8B62CAF41C02AE080029A601 /* Products */ = {
			isa = PBXGroup;
			children = (
				8B62CAF31C02AE080029A601 /* TurnBack.app */,
			);
			name = Products;
			sourceTree = "<group>";
		};
		8B62CAF51C02AE080029A601 /* TurnBack */ = {
			isa = PBXGroup;
			children = (
				8B62CAF91C02AE080029A601 /* AppDelegate.h */,
				8B62CAFA1C02AE080029A601 /* AppDelegate.m */,
				8B62CAFC1C02AE080029A601 /* LoginViewController.h */,
				8B62CAFD1C02AE080029A601 /* LoginViewController.m */,
				8B06AC3B1C02BEE9005BBA0E /* DevicesViewController.h */,
				8B06AC3C1C02BEE9005BBA0E /* DevicesViewController.m */,
				8B62CAFF1C02AE080029A601 /* Main.storyboard */,
				8B62CB021C02AE080029A601 /* Assets.xcassets */,
				8B62CB041C02AE080029A601 /* LaunchScreen.storyboard */,
				8B62CB071C02AE080029A601 /* Info.plist */,
				8B62CAF61C02AE080029A601 /* Supporting Files */,
			);
			path = TurnBack;
			sourceTree = "<group>";
		};
		8B62CAF61C02AE080029A601 /* Supporting Files */ = {
			isa = PBXGroup;
			children = (
				8B62CAF71C02AE080029A601 /* main.m */,
			);
			name = "Supporting Files";
			sourceTree = "<group>";
		};
/* End PBXGroup section */

/* Begin PBXNativeTarget section */
		8B62CAF21C02AE080029A601 /* TurnBack */ = {
			isa = PBXNativeTarget;
			buildConfigurationList = 8B62CB0A1C02AE080029A601 /* Build configuration list for PBXNativeTarget "TurnBack" */;
			buildPhases = (
				D8DEEBC48D2B06389A3936DB /* Check Pods Manifest.lock */,
				8B62CAEF1C02AE080029A601 /* Sources */,
				8B62CAF01C02AE080029A601 /* Frameworks */,
				8B62CAF11C02AE080029A601 /* Resources */,
				229B807B00FAF786404C1CBB /* Embed Pods Frameworks */,
				EAC2EA337E560F2AAFE9BF68 /* Copy Pods Resources */,
			);
			buildRules = (
			);
			dependencies = (
			);
			name = TurnBack;
			productName = TurnBack;
			productReference = 8B62CAF31C02AE080029A601 /* TurnBack.app */;
			productType = "com.apple.product-type.application";
		};
/* End PBXNativeTarget section */

/* Begin PBXProject section */
		8B62CAEB1C02AE080029A601 /* Project object */ = {
			isa = PBXProject;
			attributes = {
				LastUpgradeCheck = 0710;
				ORGANIZATIONNAME = "Ezequiel Dev";
				TargetAttributes = {
					8B62CAF21C02AE080029A601 = {
						CreatedOnToolsVersion = 7.1;
					};
				};
			};
			buildConfigurationList = 8B62CAEE1C02AE080029A601 /* Build configuration list for PBXProject "TurnBack" */;
			compatibilityVersion = "Xcode 3.2";
			developmentRegion = English;
			hasScannedForEncodings = 0;
			knownRegions = (
				en,
				Base,
			);
			mainGroup = 8B62CAEA1C02AE080029A601;
			productRefGroup = 8B62CAF41C02AE080029A601 /* Products */;
			projectDirPath = "";
			projectRoot = "";
			targets = (
				8B62CAF21C02AE080029A601 /* TurnBack */,
			);
		};
/* End PBXProject section */

/* Begin PBXResourcesBuildPhase section */
		8B62CAF11C02AE080029A601 /* Resources */ = {
			isa = PBXResourcesBuildPhase;
			buildActionMask = 2147483647;
			files = (
				8B62CB061C02AE080029A601 /* LaunchScreen.storyboard in Resources */,
				8B62CB031C02AE080029A601 /* Assets.xcassets in Resources */,
				8B62CB011C02AE080029A601 /* Main.storyboard in Resources */,
			);
			runOnlyForDeploymentPostprocessing = 0;
		};
/* End PBXResourcesBuildPhase section */

/* Begin PBXShellScriptBuildPhase section */
		229B807B00FAF786404C1CBB /* Embed Pods Frameworks */ = {
			isa = PBXShellScriptBuildPhase;
			buildActionMask = 2147483647;
			files = (
			);
			inputPaths = (
			);
			name = "Embed Pods Frameworks";
			outputPaths = (
			);
			runOnlyForDeploymentPostprocessing = 0;
			shellPath = /bin/sh;
			shellScript = "\"${SRCROOT}/Pods/Target Support Files/Pods/Pods-frameworks.sh\"\n";
			showEnvVarsInLog = 0;
		};
		D8DEEBC48D2B06389A3936DB /* Check Pods Manifest.lock */ = {
			isa = PBXShellScriptBuildPhase;
			buildActionMask = 2147483647;
			files = (
			);
			inputPaths = (
			);
			name = "Check Pods Manifest.lock";
			outputPaths = (
			);
			runOnlyForDeploymentPostprocessing = 0;
			shellPath = /bin/sh;
			shellScript = "diff \"${PODS_ROOT}/../Podfile.lock\" \"${PODS_ROOT}/Manifest.lock\" > /dev/null\nif [[ $? != 0 ]] ; then\n    cat << EOM\nerror: The sandbox is not in sync with the Podfile.lock. Run 'pod install' or update your CocoaPods installation.\nEOM\n    exit 1\nfi\n";
			showEnvVarsInLog = 0;
		};
		EAC2EA337E560F2AAFE9BF68 /* Copy Pods Resources */ = {
			isa = PBXShellScriptBuildPhase;
			buildActionMask = 2147483647;
			files = (
			);
			inputPaths = (
			);
			name = "Copy Pods Resources";
			outputPaths = (
			);
			runOnlyForDeploymentPostprocessing = 0;
			shellPath = /bin/sh;
			shellScript = "\"${SRCROOT}/Pods/Target Support Files/Pods/Pods-resources.sh\"\n";
			showEnvVarsInLog = 0;
		};
/* End PBXShellScriptBuildPhase section */

/* Begin PBXSourcesBuildPhase section */
		8B62CAEF1C02AE080029A601 /* Sources */ = {
			isa = PBXSourcesBuildPhase;
			buildActionMask = 2147483647;
			files = (
				8B06AC3D1C02BEE9005BBA0E /* DevicesViewController.m in Sources */,
				8B62CAFE1C02AE080029A601 /* LoginViewController.m in Sources */,
				8B62CAFB1C02AE080029A601 /* AppDelegate.m in Sources */,
				8B62CAF81C02AE080029A601 /* main.m in Sources */,
			);
			runOnlyForDeploymentPostprocessing = 0;
		};
/* End PBXSourcesBuildPhase section */

/* Begin PBXVariantGroup section */
		8B62CAFF1C02AE080029A601 /* Main.storyboard */ = {
			isa = PBXVariantGroup;
			children = (
				8B62CB001C02AE080029A601 /* Base */,
			);
			name = Main.storyboard;
			sourceTree = "<group>";
		};
		8B62CB041C02AE080029A601 /* LaunchScreen.storyboard */ = {
			isa = PBXVariantGroup;
			children = (
				8B62CB051C02AE080029A601 /* Base */,
			);
			name = LaunchScreen.storyboard;
			sourceTree = "<group>";
		};
/* End PBXVariantGroup section */

/* Begin XCBuildConfiguration section */
		8B62CB081C02AE080029A601 /* Debug */ = {
			isa = XCBuildConfiguration;
			buildSettings = {
				ALWAYS_SEARCH_USER_PATHS = NO;
				CLANG_CXX_LANGUAGE_STANDARD = "gnu++0x";
				CLANG_CXX_LIBRARY = "libc++";
				CLANG_ENABLE_MODULES = YES;
				CLANG_ENABLE_OBJC_ARC = YES;
				CLANG_WARN_BOOL_CONVERSION = YES;
				CLANG_WARN_CONSTANT_CONVERSION = YES;
				CLANG_WARN_DIRECT_OBJC_ISA_USAGE = YES_ERROR;
				CLANG_WARN_EMPTY_BODY = YES;
				CLANG_WARN_ENUM_CONVERSION = YES;
				CLANG_WARN_INT_CONVERSION = YES;
				CLANG_WARN_OBJC_ROOT_CLASS = YES_ERROR;
				CLANG_WARN_UNREACHABLE_CODE = YES;
				CLANG_WARN__DUPLICATE_METHOD_MATCH = YES;
				"CODE_SIGN_IDENTITY[sdk=iphoneos*]" = "iPhone Developer";
				COPY_PHASE_STRIP = NO;
				DEBUG_INFORMATION_FORMAT = dwarf;
				ENABLE_STRICT_OBJC_MSGSEND = YES;
				ENABLE_TESTABILITY = YES;
				GCC_C_LANGUAGE_STANDARD = gnu99;
				GCC_DYNAMIC_NO_PIC = NO;
				GCC_NO_COMMON_BLOCKS = YES;
				GCC_OPTIMIZATION_LEVEL = 0;
				GCC_PREPROCESSOR_DEFINITIONS = (
					"DEBUG=1",
					"$(inherited)",
				);
				GCC_WARN_64_TO_32_BIT_CONVERSION = YES;
				GCC_WARN_ABOUT_RETURN_TYPE = YES_ERROR;
				GCC_WARN_UNDECLARED_SELECTOR = YES;
				GCC_WARN_UNINITIALIZED_AUTOS = YES_AGGRESSIVE;
				GCC_WARN_UNUSED_FUNCTION = YES;
				GCC_WARN_UNUSED_VARIABLE = YES;
				IPHONEOS_DEPLOYMENT_TARGET = 9.1;
				MTL_ENABLE_DEBUG_INFO = YES;
				ONLY_ACTIVE_ARCH = YES;
				SDKROOT = iphoneos;
				TARGETED_DEVICE_FAMILY = "1,2";
			};
			name = Debug;
		};
		8B62CB091C02AE080029A601 /* Release */ = {
			isa = XCBuildConfiguration;
			buildSettings = {
				ALWAYS_SEARCH_USER_PATHS = NO;
				CLANG_CXX_LANGUAGE_STANDARD = "gnu++0x";
				CLANG_CXX_LIBRARY = "libc++";
				CLANG_ENABLE_MODULES = YES;
				CLANG_ENABLE_OBJC_ARC = YES;
				CLANG_WARN_BOOL_CONVERSION = YES;
				CLANG_WARN_CONSTANT_CONVERSION = YES;
				CLANG_WARN_DIRECT_OBJC_ISA_USAGE = YES_ERROR;
				CLANG_WARN_EMPTY_BODY = YES;
				CLANG_WARN_ENUM_CONVERSION = YES;
				CLANG_WARN_INT_CONVERSION = YES;
				CLANG_WARN_OBJC_ROOT_CLASS = YES_ERROR;
				CLANG_WARN_UNREACHABLE_CODE = YES;
				CLANG_WARN__DUPLICATE_METHOD_MATCH = YES;
				"CODE_SIGN_IDENTITY[sdk=iphoneos*]" = "iPhone Developer";
				COPY_PHASE_STRIP = NO;
				DEBUG_INFORMATION_FORMAT = "dwarf-with-dsym";
				ENABLE_NS_ASSERTIONS = NO;
				ENABLE_STRICT_OBJC_MSGSEND = YES;
				GCC_C_LANGUAGE_STANDARD = gnu99;
				GCC_NO_COMMON_BLOCKS = YES;
				GCC_WARN_64_TO_32_BIT_CONVERSION = YES;
				GCC_WARN_ABOUT_RETURN_TYPE = YES_ERROR;
				GCC_WARN_UNDECLARED_SELECTOR = YES;
				GCC_WARN_UNINITIALIZED_AUTOS = YES_AGGRESSIVE;
				GCC_WARN_UNUSED_FUNCTION = YES;
				GCC_WARN_UNUSED_VARIABLE = YES;
				IPHONEOS_DEPLOYMENT_TARGET = 9.1;
				MTL_ENABLE_DEBUG_INFO = NO;
				SDKROOT = iphoneos;
				TARGETED_DEVICE_FAMILY = "1,2";
				VALIDATE_PRODUCT = YES;
			};
			name = Release;
		};
		8B62CB0B1C02AE080029A601 /* Debug */ = {
			isa = XCBuildConfiguration;
			baseConfigurationReference = 6F40FAD8908D09CB31CC0AD8 /* Pods.debug.xcconfig */;
			buildSettings = {
				ASSETCATALOG_COMPILER_APPICON_NAME = AppIcon;
				INFOPLIST_FILE = TurnBack/Info.plist;
				LD_RUNPATH_SEARCH_PATHS = "$(inherited) @executable_path/Frameworks";
				PRODUCT_BUNDLE_IDENTIFIER = ezefranca.com.TurnBack;
				PRODUCT_NAME = "$(TARGET_NAME)";
			};
			name = Debug;
		};
		8B62CB0C1C02AE080029A601 /* Release */ = {
			isa = XCBuildConfiguration;
			baseConfigurationReference = F0E385A89626ACC2373F8BC3 /* Pods.release.xcconfig */;
			buildSettings = {
				ASSETCATALOG_COMPILER_APPICON_NAME = AppIcon;
				INFOPLIST_FILE = TurnBack/Info.plist;
				LD_RUNPATH_SEARCH_PATHS = "$(inherited) @executable_path/Frameworks";
				PRODUCT_BUNDLE_IDENTIFIER = ezefranca.com.TurnBack;
				PRODUCT_NAME = "$(TARGET_NAME)";
			};
			name = Release;
		};
/* End XCBuildConfiguration section */

/* Begin XCConfigurationList section */
		8B62CAEE1C02AE080029A601 /* Build configuration list for PBXProject "TurnBack" */ = {
			isa = XCConfigurationList;
			buildConfigurations = (
				8B62CB081C02AE080029A601 /* Debug */,
				8B62CB091C02AE080029A601 /* Release */,
			);
			defaultConfigurationIsVisible = 0;
			defaultConfigurationName = Release;
		};
		8B62CB0A1C02AE080029A601 /* Build configuration list for PBXNativeTarget "TurnBack" */ = {
			isa = XCConfigurationList;
			buildConfigurations = (
				8B62CB0B1C02AE080029A601 /* Debug */,
				8B62CB0C1C02AE080029A601 /* Release */,
			);
			defaultConfigurationIsVisible = 0;
			defaultConfigurationName = Release;
		};
/* End XCConfigurationList section */
	};
	rootObject = 8B62CAEB1C02AE080029A601 /* Project object */;
}
